# This file is autogenerated, do not edit; changes may be undone by the next 'dep ensure'.


[[projects]]
  name = "github.com/mjibson/esc"
  packages = ["embed"]
  revision = "58d9cde84f237ecdd89bd7f61c2de2853f4c5c6e"
  version = "v0.1.0"

[solve-meta]
  analyzer-name = "dep"
  analyzer-version = 1
  inputs-digest = "42e1a000ad14cf6c994c4bf3faaa297f7f06ab4b9a434809d070ea420e51625e"
  solver-name = "gps-cdcl"
  solver-version = 1
